{
  "name": "insomnia-plugin-mastercard-auth",
  "version": "1.1.13",
  "lockfileVersion": 1,
  "requires": true,
  "dependencies": {
    "insomnia-url": {
      "version": "0.1.13",
      "resolved": "https://registry.npmjs.org/insomnia-url/-/insomnia-url-0.1.13.tgz",
      "integrity": "sha512-lXdtEEOz7pBOUBtT3qKMUZx6N47ZpxertN1BmsDxDTD2+D4q2ADoRoC5RKFH9y+tu9+j6ccpCQRxyzNiOGEI6A=="
    },
    "mastercard-oauth1-signer": {
      "version": "1.1.5",
      "resolved": "https://registry.npmjs.org/mastercard-oauth1-signer/-/mastercard-oauth1-signer-1.1.5.tgz",
      "integrity": "sha512-UmfWJlrJg58udQxCVzlq3ixVBX4h4Kh2lBN8TpSRLb7QqGnBUSsM7qX6hMB7iChScSEYHsG7eO3pBtlXjZj62w=="
    },
    "node-forge": {
      "version": "1.3.0",
      "resolved": "https://registry.npmjs.org/node-forge/-/node-forge-1.3.0.tgz",
      "integrity": "sha512-08ARB91bUi6zNKzVmaj3QO7cr397uiDT2nJ63cHjyNtCTWIgvS47j3eT0WfzUwS9+6Z5YshRaoasFkXCKrIYbA=="
    }
  }
}
