{
  "name": "insomnia-plugin-mastercard-auth",
  "version": "1.1.2",
  "lockfileVersion": 1,
  "requires": true,
  "dependencies": {
    "insomnia-url": {
      "version": "0.1.2",
      "resolved": "https://registry.npmjs.org/insomnia-url/-/insomnia-url-0.1.2.tgz",
      "integrity": "sha512-hYKMmHb0zS6q66T2SOXXQh1NKZwBydw9GrFjZSUE1xVzR8Io31B9b91YqT8Av0LJjPq72tH4pZ5foo8A2DNzIg=="
    },
    "mastercard-oauth1-signer": {
      "version": "1.1.4",
      "resolved": "https://registry.npmjs.org/mastercard-oauth1-signer/-/mastercard-oauth1-signer-1.1.4.tgz",
      "integrity": "sha512-iRBlWF1ExfacwK4LQldAEeN42ZbG3jRSDjL8WcdUNeVOaeMQsWq7JKVK++3aXf7Lohe8h+1Nx2UGdaFsQh3DWQ=="
    },
    "node-forge": {
      "version": "0.9.1",
      "resolved": "https://registry.npmjs.org/node-forge/-/node-forge-0.9.1.tgz",
      "integrity": "sha512-G6RlQt5Sb4GMBzXvhfkeFmbqR6MzhtnT7VTHuLadjkii3rdYHNdw0m8zA4BTxVIh68FicCQ2NSUANpsqkr9jvQ=="
    }
  }
}
